
Microsoft Visual Studio Solution File, Format Version 12.00
# Visual Studio Version 17
VisualStudioVersion = 17.5.33424.131
MinimumVisualStudioVersion = 10.0.40219.1
Project("{FAE04EC0-301F-11D3-BF4B-00C04F79EFBC}") = "INPI", "INPI\INPI.csproj", "{823A7C1B-23E0-490C-86BA-C4856F5497E2}"
EndProject
Global
	GlobalSection(SolutionConfigurationPlatforms) = preSolution
		Debug|Any CPU = Debug|Any CPU
		Release|Any CPU = Release|Any CPU
	EndGlobalSection
	GlobalSection(ProjectConfigurationPlatforms) = postSolution
		{823A7C1B-23E0-490C-86BA-C4856F5497E2}.Debug|Any CPU.ActiveCfg = Debug|Any CPU
		{823A7C1B-23E0-490C-86BA-C4856F5497E2}.Debug|Any CPU.Build.0 = Debug|Any CPU
		{823A7C1B-23E0-490C-86BA-C4856F5497E2}.Release|Any CPU.ActiveCfg = Release|Any CPU
		{823A7C1B-23E0-490C-86BA-C4856F5497E2}.Release|Any CPU.Build.0 = Release|Any CPU
	EndGlobalSection
	GlobalSection(SolutionProperties) = preSolution
		HideSolutionNode = FALSE
	EndGlobalSection
	GlobalSection(ExtensibilityGlobals) = postSolution
		SolutionGuid = {B3ED91FE-4D27-414A-BA89-FAA19C8D77B8}
	EndGlobalSection
EndGlobal
